
Microsoft Visual Studio Solution File, Format Version 12.00
# Visual Studio Version 17
VisualStudioVersion = 17.14.37012.4
MinimumVisualStudioVersion = 10.0.40219.1
Project("{FAE04EC0-301F-11D3-BF4B-00C04F79EFBC}") = "ConsoleApp1", "ConsoleApp1.csproj", "{B5C79A53-996B-4ABE-A971-6AECD492B8CE}"
EndProject
Project("{FAE04EC0-301F-11D3-BF4B-00C04F79EFBC}") = "ConsoleApp2", "..\ConsoleApp2\ConsoleApp2.csproj", "{41BC6FF0-A739-44AE-9AE8-229E31AB23C9}"
EndProject
Project("{FAE04EC0-301F-11D3-BF4B-00C04F79EFBC}") = "ConsoleApp3", "..\ConsoleApp3\ConsoleApp3.csproj", "{905242F5-21F0-4A98-A421-352E6C82BDFA}"
EndProject
Project("{FAE04EC0-301F-11D3-BF4B-00C04F79EFBC}") = "ConsoleApp4", "..\ConsoleApp4\ConsoleApp4.csproj", "{1CCDDE7C-31D2-4513-B571-406DA5BC3139}"
EndProject
Project("{FAE04EC0-301F-11D3-BF4B-00C04F79EFBC}") = "ConsoleApp5", "..\ConsoleApp5\ConsoleApp5.csproj", "{759E7A5F-D0F9-4214-A395-E47AB967BAD9}"
EndProject
Project("{FAE04EC0-301F-11D3-BF4B-00C04F79EFBC}") = "ConsoleApp6", "..\ConsoleApp6\ConsoleApp6.csproj", "{1F70678B-FDD8-4B24-ABA9-1A49264E85F9}"
EndProject
Project("{FAE04EC0-301F-11D3-BF4B-00C04F79EFBC}") = "ConsoleApp7", "..\ConsoleApp7\ConsoleApp7.csproj", "{B82C0407-8095-40E7-9F9A-0DD542284645}"
EndProject
Project("{FAE04EC0-301F-11D3-BF4B-00C04F79EFBC}") = "ConsoleApp8", "..\ConsoleApp8\ConsoleApp8.csproj", "{520B4E9D-55AD-4739-B653-E573CDED8D91}"
EndProject
Project("{FAE04EC0-301F-11D3-BF4B-00C04F79EFBC}") = "ConsoleApp9", "..\ConsoleApp9\ConsoleApp9.csproj", "{954FFFC7-65F6-4884-9D54-A3668D8BF84B}"
EndProject
Project("{FAE04EC0-301F-11D3-BF4B-00C04F79EFBC}") = "ConsoleApp10", "..\ConsoleApp10\ConsoleApp10.csproj", "{785E1863-CF60-4C40-AC9C-3E7F90FBDF88}"
EndProject
Project("{FAE04EC0-301F-11D3-BF4B-00C04F79EFBC}") = "ConsoleApp11", "..\ConsoleApp11\ConsoleApp11.csproj", "{4777E310-F45C-4BCC-A638-EF11810F2C3E}"
EndProject
Project("{FAE04EC0-301F-11D3-BF4B-00C04F79EFBC}") = "ConsoleApp12", "..\ConsoleApp12\ConsoleApp12.csproj", "{FD33EB76-7B12-466F-A4D8-F6584AC05090}"
EndProject
Project("{FAE04EC0-301F-11D3-BF4B-00C04F79EFBC}") = "ConsoleApp13", "..\ConsoleApp13\ConsoleApp13.csproj", "{BE701811-890F-435F-8F54-544AA9B2461C}"
EndProject
Project("{FAE04EC0-301F-11D3-BF4B-00C04F79EFBC}") = "ConsoleApp14", "..\ConsoleApp14\ConsoleApp14.csproj", "{F16A407B-9B42-417B-BB24-6A5D8075B8B4}"
EndProject
Project("{FAE04EC0-301F-11D3-BF4B-00C04F79EFBC}") = "ConsoleApp15", "..\ConsoleApp15\ConsoleApp15.csproj", "{92B88A1B-5F41-42E6-A138-E864140B8874}"
EndProject
Project("{FAE04EC0-301F-11D3-BF4B-00C04F79EFBC}") = "ConsoleApp16", "..\ConsoleApp16\ConsoleApp16.csproj", "{80CE2529-DD30-4B8B-89CE-8C8F9EE311D7}"
EndProject
Project("{FAE04EC0-301F-11D3-BF4B-00C04F79EFBC}") = "ConsoleApp17", "..\ConsoleApp17\ConsoleApp17.csproj", "{6117DF01-06F2-45F6-8E4B-12B265764241}"
EndProject
Project("{FAE04EC0-301F-11D3-BF4B-00C04F79EFBC}") = "ConsoleApp18", "..\ConsoleApp18\ConsoleApp18.csproj", "{CE30A3F9-5E6E-46C7-9E3C-3C6B07EB6D91}"
EndProject
Project("{FAE04EC0-301F-11D3-BF4B-00C04F79EFBC}") = "ConsoleApp19", "..\ConsoleApp19\ConsoleApp19.csproj", "{0C9E22D6-3E63-4D26-AEC3-24E96A6154D7}"
EndProject
Project("{FAE04EC0-301F-11D3-BF4B-00C04F79EFBC}") = "ConsoleApp20", "..\ConsoleApp20\ConsoleApp20.csproj", "{EC9CD4BD-C58A-4C49-A8C6-6440361DC3BD}"
EndProject
Project("{FAE04EC0-301F-11D3-BF4B-00C04F79EFBC}") = "ConsoleApp21", "..\ConsoleApp21\ConsoleApp21.csproj", "{C18B1AFB-4B52-4BC8-8291-7130A30767FA}"
EndProject
Project("{FAE04EC0-301F-11D3-BF4B-00C04F79EFBC}") = "ConsoleApp22", "..\ConsoleApp22\ConsoleApp22.csproj", "{04340C0D-A0E1-47D1-986E-B182105E7EC5}"
EndProject
Project("{FAE04EC0-301F-11D3-BF4B-00C04F79EFBC}") = "ConsoleApp23", "..\ConsoleApp23\ConsoleApp23.csproj", "{FBA804AD-8DDE-4A08-9709-B20DC8640B56}"
EndProject
Project("{FAE04EC0-301F-11D3-BF4B-00C04F79EFBC}") = "ConsoleApp24", "..\ConsoleApp24\ConsoleApp24.csproj", "{70CC7ABE-2446-4291-BFB8-18AE18D4FE93}"
EndProject
Project("{FAE04EC0-301F-11D3-BF4B-00C04F79EFBC}") = "ConsoleApp25", "..\ConsoleApp25\ConsoleApp25.csproj", "{F86E4A0E-60F6-4683-9C69-069FC46B4BFC}"
EndProject
Project("{FAE04EC0-301F-11D3-BF4B-00C04F79EFBC}") = "ConsoleApp26", "..\ConsoleApp26\ConsoleApp26.csproj", "{C0A5E7CC-865F-471C-A0C3-66020E1C1B3D}"
EndProject
Project("{FAE04EC0-301F-11D3-BF4B-00C04F79EFBC}") = "ConsoleApp27", "..\ConsoleApp27\ConsoleApp27.csproj", "{0AC2748E-0F57-4A4F-B2B7-D0AF9C8BB91D}"
EndProject
Project("{FAE04EC0-301F-11D3-BF4B-00C04F79EFBC}") = "ConsoleApp28", "..\ConsoleApp28\ConsoleApp28.csproj", "{48C0810D-2D45-4738-95FD-24803C713BC9}"
EndProject
Global
	GlobalSection(SolutionConfigurationPlatforms) = preSolution
		Debug|Any CPU = Debug|Any CPU
		Release|Any CPU = Release|Any CPU
	EndGlobalSection
	GlobalSection(ProjectConfigurationPlatforms) = postSolution
		{B5C79A53-996B-4ABE-A971-6AECD492B8CE}.Debug|Any CPU.ActiveCfg = Debug|Any CPU
		{B5C79A53-996B-4ABE-A971-6AECD492B8CE}.Debug|Any CPU.Build.0 = Debug|Any CPU
		{B5C79A53-996B-4ABE-A971-6AECD492B8CE}.Release|Any CPU.ActiveCfg = Release|Any CPU
		{B5C79A53-996B-4ABE-A971-6AECD492B8CE}.Release|Any CPU.Build.0 = Release|Any CPU
		{41BC6FF0-A739-44AE-9AE8-229E31AB23C9}.Debug|Any CPU.ActiveCfg = Debug|Any CPU
		{41BC6FF0-A739-44AE-9AE8-229E31AB23C9}.Debug|Any CPU.Build.0 = Debug|Any CPU
		{41BC6FF0-A739-44AE-9AE8-229E31AB23C9}.Release|Any CPU.ActiveCfg = Release|Any CPU
		{41BC6FF0-A739-44AE-9AE8-229E31AB23C9}.Release|Any CPU.Build.0 = Release|Any CPU
		{905242F5-21F0-4A98-A421-352E6C82BDFA}.Debug|Any CPU.ActiveCfg = Debug|Any CPU
		{905242F5-21F0-4A98-A421-352E6C82BDFA}.Debug|Any CPU.Build.0 = Debug|Any CPU
		{905242F5-21F0-4A98-A421-352E6C82BDFA}.Release|Any CPU.ActiveCfg = Release|Any CPU
		{905242F5-21F0-4A98-A421-352E6C82BDFA}.Release|Any CPU.Build.0 = Release|Any CPU
		{1CCDDE7C-31D2-4513-B571-406DA5BC3139}.Debug|Any CPU.ActiveCfg = Debug|Any CPU
		{1CCDDE7C-31D2-4513-B571-406DA5BC3139}.Debug|Any CPU.Build.0 = Debug|Any CPU
		{1CCDDE7C-31D2-4513-B571-406DA5BC3139}.Release|Any CPU.ActiveCfg = Release|Any CPU
		{1CCDDE7C-31D2-4513-B571-406DA5BC3139}.Release|Any CPU.Build.0 = Release|Any CPU
		{759E7A5F-D0F9-4214-A395-E47AB967BAD9}.Debug|Any CPU.ActiveCfg = Debug|Any CPU
		{759E7A5F-D0F9-4214-A395-E47AB967BAD9}.Debug|Any CPU.Build.0 = Debug|Any CPU
		{759E7A5F-D0F9-4214-A395-E47AB967BAD9}.Release|Any CPU.ActiveCfg = Release|Any CPU
		{759E7A5F-D0F9-4214-A395-E47AB967BAD9}.Release|Any CPU.Build.0 = Release|Any CPU
		{1F70678B-FDD8-4B24-ABA9-1A49264E85F9}.Debug|Any CPU.ActiveCfg = Debug|Any CPU
		{1F70678B-FDD8-4B24-ABA9-1A49264E85F9}.Debug|Any CPU.Build.0 = Debug|Any CPU
		{1F70678B-FDD8-4B24-ABA9-1A49264E85F9}.Release|Any CPU.ActiveCfg = Release|Any CPU
		{1F70678B-FDD8-4B24-ABA9-1A49264E85F9}.Release|Any CPU.Build.0 = Release|Any CPU
		{B82C0407-8095-40E7-9F9A-0DD542284645}.Debug|Any CPU.ActiveCfg = Debug|Any CPU
		{B82C0407-8095-40E7-9F9A-0DD542284645}.Debug|Any CPU.Build.0 = Debug|Any CPU
		{B82C0407-8095-40E7-9F9A-0DD542284645}.Release|Any CPU.ActiveCfg = Release|Any CPU
		{B82C0407-8095-40E7-9F9A-0DD542284645}.Release|Any CPU.Build.0 = Release|Any CPU
		{520B4E9D-55AD-4739-B653-E573CDED8D91}.Debug|Any CPU.ActiveCfg = Debug|Any CPU
		{520B4E9D-55AD-4739-B653-E573CDED8D91}.Debug|Any CPU.Build.0 = Debug|Any CPU
		{520B4E9D-55AD-4739-B653-E573CDED8D91}.Release|Any CPU.ActiveCfg = Release|Any CPU
		{520B4E9D-55AD-4739-B653-E573CDED8D91}.Release|Any CPU.Build.0 = Release|Any CPU
		{954FFFC7-65F6-4884-9D54-A3668D8BF84B}.Debug|Any CPU.ActiveCfg = Debug|Any CPU
		{954FFFC7-65F6-4884-9D54-A3668D8BF84B}.Debug|Any CPU.Build.0 = Debug|Any CPU
		{954FFFC7-65F6-4884-9D54-A3668D8BF84B}.Release|Any CPU.ActiveCfg = Release|Any CPU
		{954FFFC7-65F6-4884-9D54-A3668D8BF84B}.Release|Any CPU.Build.0 = Release|Any CPU
		{785E1863-CF60-4C40-AC9C-3E7F90FBDF88}.Debug|Any CPU.ActiveCfg = Debug|Any CPU
		{785E1863-CF60-4C40-AC9C-3E7F90FBDF88}.Debug|Any CPU.Build.0 = Debug|Any CPU
		{785E1863-CF60-4C40-AC9C-3E7F90FBDF88}.Release|Any CPU.ActiveCfg = Release|Any CPU
		{785E1863-CF60-4C40-AC9C-3E7F90FBDF88}.Release|Any CPU.Build.0 = Release|Any CPU
		{4777E310-F45C-4BCC-A638-EF11810F2C3E}.Debug|Any CPU.ActiveCfg = Debug|Any CPU
		{4777E310-F45C-4BCC-A638-EF11810F2C3E}.Debug|Any CPU.Build.0 = Debug|Any CPU
		{4777E310-F45C-4BCC-A638-EF11810F2C3E}.Release|Any CPU.ActiveCfg = Release|Any CPU
		{4777E310-F45C-4BCC-A638-EF11810F2C3E}.Release|Any CPU.Build.0 = Release|Any CPU
		{FD33EB76-7B12-466F-A4D8-F6584AC05090}.Debug|Any CPU.ActiveCfg = Debug|Any CPU
		{FD33EB76-7B12-466F-A4D8-F6584AC05090}.Debug|Any CPU.Build.0 = Debug|Any CPU
		{FD33EB76-7B12-466F-A4D8-F6584AC05090}.Release|Any CPU.ActiveCfg = Release|Any CPU
		{FD33EB76-7B12-466F-A4D8-F6584AC05090}.Release|Any CPU.Build.0 = Release|Any CPU
		{BE701811-890F-435F-8F54-544AA9B2461C}.Debug|Any CPU.ActiveCfg = Debug|Any CPU
		{BE701811-890F-435F-8F54-544AA9B2461C}.Debug|Any CPU.Build.0 = Debug|Any CPU
		{BE701811-890F-435F-8F54-544AA9B2461C}.Release|Any CPU.ActiveCfg = Release|Any CPU
		{BE701811-890F-435F-8F54-544AA9B2461C}.Release|Any CPU.Build.0 = Release|Any CPU
		{F16A407B-9B42-417B-BB24-6A5D8075B8B4}.Debug|Any CPU.ActiveCfg = Debug|Any CPU
		{F16A407B-9B42-417B-BB24-6A5D8075B8B4}.Debug|Any CPU.Build.0 = Debug|Any CPU
		{F16A407B-9B42-417B-BB24-6A5D8075B8B4}.Release|Any CPU.ActiveCfg = Release|Any CPU
		{F16A407B-9B42-417B-BB24-6A5D8075B8B4}.Release|Any CPU.Build.0 = Release|Any CPU
		{92B88A1B-5F41-42E6-A138-E864140B8874}.Debug|Any CPU.ActiveCfg = Debug|Any CPU
		{92B88A1B-5F41-42E6-A138-E864140B8874}.Debug|Any CPU.Build.0 = Debug|Any CPU
		{92B88A1B-5F41-42E6-A138-E864140B8874}.Release|Any CPU.ActiveCfg = Release|Any CPU
		{92B88A1B-5F41-42E6-A138-E864140B8874}.Release|Any CPU.Build.0 = Release|Any CPU
		{80CE2529-DD30-4B8B-89CE-8C8F9EE311D7}.Debug|Any CPU.ActiveCfg = Debug|Any CPU
		{80CE2529-DD30-4B8B-89CE-8C8F9EE311D7}.Debug|Any CPU.Build.0 = Debug|Any CPU
		{80CE2529-DD30-4B8B-89CE-8C8F9EE311D7}.Release|Any CPU.ActiveCfg = Release|Any CPU
		{80CE2529-DD30-4B8B-89CE-8C8F9EE311D7}.Release|Any CPU.Build.0 = Release|Any CPU
		{6117DF01-06F2-45F6-8E4B-12B265764241}.Debug|Any CPU.ActiveCfg = Debug|Any CPU
		{6117DF01-06F2-45F6-8E4B-12B265764241}.Debug|Any CPU.Build.0 = Debug|Any CPU
		{6117DF01-06F2-45F6-8E4B-12B265764241}.Release|Any CPU.ActiveCfg = Release|Any CPU
		{6117DF01-06F2-45F6-8E4B-12B265764241}.Release|Any CPU.Build.0 = Release|Any CPU
		{CE30A3F9-5E6E-46C7-9E3C-3C6B07EB6D91}.Debug|Any CPU.ActiveCfg = Debug|Any CPU
		{CE30A3F9-5E6E-46C7-9E3C-3C6B07EB6D91}.Debug|Any CPU.Build.0 = Debug|Any CPU
		{CE30A3F9-5E6E-46C7-9E3C-3C6B07EB6D91}.Release|Any CPU.ActiveCfg = Release|Any CPU
		{CE30A3F9-5E6E-46C7-9E3C-3C6B07EB6D91}.Release|Any CPU.Build.0 = Release|Any CPU
		{0C9E22D6-3E63-4D26-AEC3-24E96A6154D7}.Debug|Any CPU.ActiveCfg = Debug|Any CPU
		{0C9E22D6-3E63-4D26-AEC3-24E96A6154D7}.Debug|Any CPU.Build.0 = Debug|Any CPU
		{0C9E22D6-3E63-4D26-AEC3-24E96A6154D7}.Release|Any CPU.ActiveCfg = Release|Any CPU
		{0C9E22D6-3E63-4D26-AEC3-24E96A6154D7}.Release|Any CPU.Build.0 = Release|Any CPU
		{EC9CD4BD-C58A-4C49-A8C6-6440361DC3BD}.Debug|Any CPU.ActiveCfg = Debug|Any CPU
		{EC9CD4BD-C58A-4C49-A8C6-6440361DC3BD}.Debug|Any CPU.Build.0 = Debug|Any CPU
		{EC9CD4BD-C58A-4C49-A8C6-6440361DC3BD}.Release|Any CPU.ActiveCfg = Release|Any CPU
		{EC9CD4BD-C58A-4C49-A8C6-6440361DC3BD}.Release|Any CPU.Build.0 = Release|Any CPU
		{C18B1AFB-4B52-4BC8-8291-7130A30767FA}.Debug|Any CPU.ActiveCfg = Debug|Any CPU
		{C18B1AFB-4B52-4BC8-8291-7130A30767FA}.Debug|Any CPU.Build.0 = Debug|Any CPU
		{C18B1AFB-4B52-4BC8-8291-7130A30767FA}.Release|Any CPU.ActiveCfg = Release|Any CPU
		{C18B1AFB-4B52-4BC8-8291-7130A30767FA}.Release|Any CPU.Build.0 = Release|Any CPU
		{04340C0D-A0E1-47D1-986E-B182105E7EC5}.Debug|Any CPU.ActiveCfg = Debug|Any CPU
		{04340C0D-A0E1-47D1-986E-B182105E7EC5}.Debug|Any CPU.Build.0 = Debug|Any CPU
		{04340C0D-A0E1-47D1-986E-B182105E7EC5}.Release|Any CPU.ActiveCfg = Release|Any CPU
		{04340C0D-A0E1-47D1-986E-B182105E7EC5}.Release|Any CPU.Build.0 = Release|Any CPU
		{FBA804AD-8DDE-4A08-9709-B20DC8640B56}.Debug|Any CPU.ActiveCfg = Debug|Any CPU
		{FBA804AD-8DDE-4A08-9709-B20DC8640B56}.Debug|Any CPU.Build.0 = Debug|Any CPU
		{FBA804AD-8DDE-4A08-9709-B20DC8640B56}.Release|Any CPU.ActiveCfg = Release|Any CPU
		{FBA804AD-8DDE-4A08-9709-B20DC8640B56}.Release|Any CPU.Build.0 = Release|Any CPU
		{70CC7ABE-2446-4291-BFB8-18AE18D4FE93}.Debug|Any CPU.ActiveCfg = Debug|Any CPU
		{70CC7ABE-2446-4291-BFB8-18AE18D4FE93}.Debug|Any CPU.Build.0 = Debug|Any CPU
		{70CC7ABE-2446-4291-BFB8-18AE18D4FE93}.Release|Any CPU.ActiveCfg = Release|Any CPU
		{70CC7ABE-2446-4291-BFB8-18AE18D4FE93}.Release|Any CPU.Build.0 = Release|Any CPU
		{F86E4A0E-60F6-4683-9C69-069FC46B4BFC}.Debug|Any CPU.ActiveCfg = Debug|Any CPU
		{F86E4A0E-60F6-4683-9C69-069FC46B4BFC}.Debug|Any CPU.Build.0 = Debug|Any CPU
		{F86E4A0E-60F6-4683-9C69-069FC46B4BFC}.Release|Any CPU.ActiveCfg = Release|Any CPU
		{F86E4A0E-60F6-4683-9C69-069FC46B4BFC}.Release|Any CPU.Build.0 = Release|Any CPU
		{C0A5E7CC-865F-471C-A0C3-66020E1C1B3D}.Debug|Any CPU.ActiveCfg = Debug|Any CPU
		{C0A5E7CC-865F-471C-A0C3-66020E1C1B3D}.Debug|Any CPU.Build.0 = Debug|Any CPU
		{C0A5E7CC-865F-471C-A0C3-66020E1C1B3D}.Release|Any CPU.ActiveCfg = Release|Any CPU
		{C0A5E7CC-865F-471C-A0C3-66020E1C1B3D}.Release|Any CPU.Build.0 = Release|Any CPU
		{0AC2748E-0F57-4A4F-B2B7-D0AF9C8BB91D}.Debug|Any CPU.ActiveCfg = Debug|Any CPU
		{0AC2748E-0F57-4A4F-B2B7-D0AF9C8BB91D}.Debug|Any CPU.Build.0 = Debug|Any CPU
		{0AC2748E-0F57-4A4F-B2B7-D0AF9C8BB91D}.Release|Any CPU.ActiveCfg = Release|Any CPU
		{0AC2748E-0F57-4A4F-B2B7-D0AF9C8BB91D}.Release|Any CPU.Build.0 = Release|Any CPU
		{48C0810D-2D45-4738-95FD-24803C713BC9}.Debug|Any CPU.ActiveCfg = Debug|Any CPU
		{48C0810D-2D45-4738-95FD-24803C713BC9}.Debug|Any CPU.Build.0 = Debug|Any CPU
		{48C0810D-2D45-4738-95FD-24803C713BC9}.Release|Any CPU.ActiveCfg = Release|Any CPU
		{48C0810D-2D45-4738-95FD-24803C713BC9}.Release|Any CPU.Build.0 = Release|Any CPU
	EndGlobalSection
	GlobalSection(SolutionProperties) = preSolution
		HideSolutionNode = FALSE
	EndGlobalSection
	GlobalSection(ExtensibilityGlobals) = postSolution
		SolutionGuid = {9A283CB7-0831-43ED-B31C-DD9972A8B006}
	EndGlobalSection
EndGlobal
